# This file is automatically @generated by Cargo.
# It is not intended for manual editing.
version = 3

[[package]]
name = "nanoserde"
version = "0.1.35"
source = "registry+https://github.com/rust-lang/crates.io-index"
checksum = "4a983d0b19ed0fcd803c4f04f9b20d5e6dd17e06d44d98742a0985ac45dab1bc"
dependencies = [
 "nanoserde-derive",
]

[[package]]
name = "nanoserde-derive"
version = "0.1.21"
source = "registry+https://github.com/rust-lang/crates.io-index"
checksum = "d4dc96541767a4279572fdcf9f95af9cc1c9b2a2254e7a079203c81e206a9059"

[[package]]
name = "sgs"
version = "0.1.0"
dependencies = [
 "nanoserde",
]
