{
    "_meta": {
        "hash": {
            "sha256": "eab78b5d3e1231a0e04710678a34bd7110ffc5674793cef3c9b350c8c074e190"
        },
        "pipfile-spec": 6,
        "requires": {
            "python_version": "3.11"
        },
        "sources": [
            {
                "name": "pypi",
                "url": "https://pypi.org/simple",
                "verify_ssl": true
            }
        ]
    },
    "default": {
        "beautifulsoup4": {
            "hashes": [
                "sha256:74e3d1928edc070d21748185c46e3fb33490f22f52a3addee9aee0f4f7781051",
                "sha256:b80878c9f40111313e55da8ba20bdba06d8fa3969fc68304167741bbf9e082ed"
            ],
            "markers": "python_full_version >= '3.6.0'",
            "version": "==4.12.3"
        },
        "bs4": {
            "hashes": [
                "sha256:a48685c58f50fe127722417bae83fe6badf500d54b55f7e39ffe43b798653925",
                "sha256:abf8742c0805ef7f662dce4b51cca104cffe52b835238afc169142ab9b3fbccc"
            ],
            "index": "pypi",
            "version": "==0.0.2"
        },
        "click": {
            "hashes": [
                "sha256:ae74fb96c20a0277a1d615f1e4d73c8414f5a98db8b799a7931d1582f3390c28",
                "sha256:ca9853ad459e787e2192211578cc907e7594e294c7ccc834310722b41b9ca6de"
            ],
            "markers": "python_version >= '3.7'",
            "version": "==8.1.7"
        },
        "defusedxml": {
            "hashes": [
                "sha256:1bb3032db185915b62d7c6209c5a8792be6a32ab2fedacc84e01b52c51aa3e69",
                "sha256:a352e7e428770286cc899e2542b6cdaedb2b4953ff269a210103ec58f6198a61"
            ],
            "markers": "python_version >= '2.7' and python_version not in '3.0, 3.1, 3.2, 3.3, 3.4'",
            "version": "==0.7.1"
        },
        "et-xmlfile": {
            "hashes": [
                "sha256:8eb9e2bc2f8c97e37a2dc85a09ecdcdec9d8a396530a6d5a33b30b9a92da0c5c",
                "sha256:a2ba85d1d6a74ef63837eed693bcb89c3f752169b0e3e7ae5b16ca5e1b3deada"
            ],
            "markers": "python_version >= '3.6'",
            "version": "==1.1.0"
        },
        "joblib": {
            "hashes": [
                "sha256:06d478d5674cbc267e7496a410ee875abd68e4340feff4490bcb7afb88060ae6",
                "sha256:2382c5816b2636fbd20a09e0f4e9dad4736765fdfb7dca582943b9c1366b3f0e"
            ],
            "markers": "python_version >= '3.8'",
            "version": "==1.4.2"
        },
        "nltk": {
            "hashes": [
                "sha256:1834da3d0682cba4f2cede2f9aad6b0fafb6461ba451db0efb6f9c39798d64d3",
                "sha256:fd5c9109f976fa86bcadba8f91e47f5e9293bd034474752e92a520f81c93dda5"
            ],
            "index": "pypi",
            "version": "==3.8.1"
        },
        "numpy": {
            "hashes": [
                "sha256:03a8c78d01d9781b28a6989f6fa1bb2c4f2d51201cf99d3dd875df6fbd96b23b",
                "sha256:08beddf13648eb95f8d867350f6a018a4be2e5ad54c8d8caed89ebca558b2818",
                "sha256:1af303d6b2210eb850fcf03064d364652b7120803a0b872f5211f5234b399f20",
                "sha256:1dda2e7b4ec9dd512f84935c5f126c8bd8b9f2fc001e9f54af255e8c5f16b0e0",
                "sha256:2a02aba9ed12e4ac4eb3ea9421c420301a0c6460d9830d74a9df87efa4912010",
                "sha256:2e4ee3380d6de9c9ec04745830fd9e2eccb3e6cf790d39d7b98ffd19b0dd754a",
                "sha256:3373d5d70a5fe74a2c1bb6d2cfd9609ecf686d47a2d7b1d37a8f3b6bf6003aea",
                "sha256:47711010ad8555514b434df65f7d7b076bb8261df1ca9bb78f53d3b2db02e95c",
                "sha256:4c66707fabe114439db9068ee468c26bbdf909cac0fb58686a42a24de1760c71",
                "sha256:50193e430acfc1346175fcbdaa28ffec49947a06918b7b92130744e81e640110",
                "sha256:52b8b60467cd7dd1e9ed082188b4e6bb35aa5cdd01777621a1658910745b90be",
                "sha256:60dedbb91afcbfdc9bc0b1f3f402804070deed7392c23eb7a7f07fa857868e8a",
                "sha256:62b8e4b1e28009ef2846b4c7852046736bab361f7aeadeb6a5b89ebec3c7055a",
                "sha256:666dbfb6ec68962c033a450943ded891bed2d54e6755e35e5835d63f4f6931d5",
                "sha256:675d61ffbfa78604709862923189bad94014bef562cc35cf61d3a07bba02a7ed",
                "sha256:679b0076f67ecc0138fd2ede3a8fd196dddc2ad3254069bcb9faf9a79b1cebcd",
                "sha256:7349ab0fa0c429c82442a27a9673fc802ffdb7c7775fad780226cb234965e53c",
                "sha256:7ab55401287bfec946ced39700c053796e7cc0e3acbef09993a9ad2adba6ca6e",
                "sha256:7e50d0a0cc3189f9cb0aeb3a6a6af18c16f59f004b866cd2be1c14b36134a4a0",
                "sha256:95a7476c59002f2f6c590b9b7b998306fba6a5aa646b1e22ddfeaf8f78c3a29c",
                "sha256:96ff0b2ad353d8f990b63294c8986f1ec3cb19d749234014f4e7eb0112ceba5a",
                "sha256:9fad7dcb1aac3c7f0584a5a8133e3a43eeb2fe127f47e3632d43d677c66c102b",
                "sha256:9ff0f4f29c51e2803569d7a51c2304de5554655a60c5d776e35b4a41413830d0",
                "sha256:a354325ee03388678242a4d7ebcd08b5c727033fcff3b2f536aea978e15ee9e6",
                "sha256:a4abb4f9001ad2858e7ac189089c42178fcce737e4169dc61321660f1a96c7d2",
                "sha256:ab47dbe5cc8210f55aa58e4805fe224dac469cde56b9f731a4c098b91917159a",
                "sha256:afedb719a9dcfc7eaf2287b839d8198e06dcd4cb5d276a3df279231138e83d30",
                "sha256:b3ce300f3644fb06443ee2222c2201dd3a89ea6040541412b8fa189341847218",
                "sha256:b97fe8060236edf3662adfc2c633f56a08ae30560c56310562cb4f95500022d5",
                "sha256:bfe25acf8b437eb2a8b2d49d443800a5f18508cd811fea3181723922a8a82b07",
                "sha256:cd25bcecc4974d09257ffcd1f098ee778f7834c3ad767fe5db785be9a4aa9cb2",
                "sha256:d209d8969599b27ad20994c8e41936ee0964e6da07478d6c35016bc386b66ad4",
                "sha256:d5241e0a80d808d70546c697135da2c613f30e28251ff8307eb72ba696945764",
                "sha256:edd8b5fe47dab091176d21bb6de568acdd906d1887a4584a15a9a96a1dca06ef",
                "sha256:f870204a840a60da0b12273ef34f7051e98c3b5961b61b0c2c1be6dfd64fbcd3",
                "sha256:ffa75af20b44f8dba823498024771d5ac50620e6915abac414251bd971b4529f"
            ],
            "index": "pypi",
            "version": "==1.26.4"
        },
        "odfpy": {
            "hashes": [
                "sha256:db766a6e59c5103212f3cc92ec8dd50a0f3a02790233ed0b52148b70d3c438ec",
                "sha256:fc3b8d1bc098eba4a0fda865a76d9d1e577c4ceec771426bcb169a82c5e9dfe0"
            ],
            "version": "==1.4.1"
        },
        "openpyxl": {
            "hashes": [
                "sha256:a6f5977418eff3b2d5500d54d9db50c8277a368436f4e4f8ddb1be3422870184",
                "sha256:f91456ead12ab3c6c2e9491cf33ba6d08357d802192379bb482f1033ade496f5"
            ],
            "version": "==3.1.2"
        },
        "pandas": {
            "extras": [
                "excel"
            ],
            "hashes": [
                "sha256:001910ad31abc7bf06f49dcc903755d2f7f3a9186c0c040b827e522e9cef0863",
                "sha256:0ca6377b8fca51815f382bd0b697a0814c8bda55115678cbc94c30aacbb6eff2",
                "sha256:0cace394b6ea70c01ca1595f839cf193df35d1575986e484ad35c4aeae7266c1",
                "sha256:1cb51fe389360f3b5a4d57dbd2848a5f033350336ca3b340d1c53a1fad33bcad",
                "sha256:2925720037f06e89af896c70bca73459d7e6a4be96f9de79e2d440bd499fe0db",
                "sha256:3e374f59e440d4ab45ca2fffde54b81ac3834cf5ae2cdfa69c90bc03bde04d76",
                "sha256:40ae1dffb3967a52203105a077415a86044a2bea011b5f321c6aa64b379a3f51",
                "sha256:43498c0bdb43d55cb162cdc8c06fac328ccb5d2eabe3cadeb3529ae6f0517c32",
                "sha256:4abfe0be0d7221be4f12552995e58723c7422c80a659da13ca382697de830c08",
                "sha256:58b84b91b0b9f4bafac2a0ac55002280c094dfc6402402332c0913a59654ab2b",
                "sha256:640cef9aa381b60e296db324337a554aeeb883ead99dc8f6c18e81a93942f5f4",
                "sha256:66b479b0bd07204e37583c191535505410daa8df638fd8e75ae1b383851fe921",
                "sha256:696039430f7a562b74fa45f540aca068ea85fa34c244d0deee539cb6d70aa288",
                "sha256:6d2123dc9ad6a814bcdea0f099885276b31b24f7edf40f6cdbc0912672e22eee",
                "sha256:8635c16bf3d99040fdf3ca3db669a7250ddf49c55dc4aa8fe0ae0fa8d6dcc1f0",
                "sha256:873d13d177501a28b2756375d59816c365e42ed8417b41665f346289adc68d24",
                "sha256:8e5a0b00e1e56a842f922e7fae8ae4077aee4af0acb5ae3622bd4b4c30aedf99",
                "sha256:8e90497254aacacbc4ea6ae5e7a8cd75629d6ad2b30025a4a8b09aa4faf55151",
                "sha256:9057e6aa78a584bc93a13f0a9bf7e753a5e9770a30b4d758b8d5f2a62a9433cd",
                "sha256:90c6fca2acf139569e74e8781709dccb6fe25940488755716d1d354d6bc58bce",
                "sha256:92fd6b027924a7e178ac202cfbe25e53368db90d56872d20ffae94b96c7acc57",
                "sha256:9dfde2a0ddef507a631dc9dc4af6a9489d5e2e740e226ad426a05cabfbd7c8ef",
                "sha256:9e79019aba43cb4fda9e4d983f8e88ca0373adbb697ae9c6c43093218de28b54",
                "sha256:a77e9d1c386196879aa5eb712e77461aaee433e54c68cf253053a73b7e49c33a",
                "sha256:c7adfc142dac335d8c1e0dcbd37eb8617eac386596eb9e1a1b77791cf2498238",
                "sha256:d187d355ecec3629624fccb01d104da7d7f391db0311145817525281e2804d23",
                "sha256:ddf818e4e6c7c6f4f7c8a12709696d193976b591cc7dc50588d3d1a6b5dc8772",
                "sha256:e9b79011ff7a0f4b1d6da6a61aa1aa604fb312d6647de5bad20013682d1429ce",
                "sha256:eee3a87076c0756de40b05c5e9a6069c035ba43e8dd71c379e68cab2c20f16ad"
            ],
            "index": "pypi",
            "version": "==2.2.2"
        },
        "python-calamine": {
            "hashes": [
                "sha256:06369b17b5f3a8e1e3b1988fdbe978301ff94d9c40f3ad2cb4ba814503344abb",
                "sha256:06bfd869d4e1d0c48273c4c262359aa912eaa5d40ee1b5b653dac3e321a61e4c",
                "sha256:0b7b4e47ff5624418290c269a62474047751bcb0263b25e9ad1104c8ceed580d",
                "sha256:183a78c284597c0b25df15a7fb74baa90df71fcc71721190c9c93229958f5809",
                "sha256:19e143a8c6f16dcc9a994567b06766a84b5cd6869656efe1d39902d41a99b00a",
                "sha256:1cd33e553a03bd0f7c746df601a95e9d700bda9d691f1d5d9b516535976738cb",
                "sha256:212637c9b32d0ea00135f280b70b5d950cef270f38fa1b73037d15ed16dafdaa",
                "sha256:216e30810f1b1c9a4b8413fdcfa062e3f8a1eafc544966c89e0bfbace258300f",
                "sha256:25b4ee9cc67248ab69e46920a9f10a89efc27bcfe1586ca299136ba0bee16c0d",
                "sha256:27a494518b55acebab195727d0aa5e35c48aacd2cd85c81e31575cfa690dfd2a",
                "sha256:2d3b010c9824cddc426cac51654521fda9a33c902c965fb4b2c8fe8d75839e22",
                "sha256:35e1e0535d22117b2c720b5c0fb6c1ca4bbcecfb4b06a259e52567a21a365575",
                "sha256:3622fa8ae26a01e9a934fdadee00222c1231d56b9343f6f947e0aa8ba4ccda35",
                "sha256:36beae8347b414a321276a7d065f672883f075ff40fa1c789e841bf6962b96fa",
                "sha256:38348374b7f76e5334d107f547dad16fd4c6a32d0241166c0fd68084eace2558",
                "sha256:3c08312a1f8a99cf525714c53854f8c5a9bf12d7c04adaf71a00c88ed8228704",
                "sha256:3cc81fefbd697050bed7d9968be3562ab41390bf8fd0a79e97eed6056be3d332",
                "sha256:3d167ea8b2d929c1edcc69f0bad0ff57529673ba72cd9448f20b8e1107993268",
                "sha256:3d1fd1f1d51fb720aca1cc1b2be7224ddaeb0b4e15276504669118419b6f4b90",
                "sha256:3e42b156ef7485a846195fc01013eab2816841bc8b87f0393dc8f1c19f2e4f12",
                "sha256:4aaf84cf22b0b8906106cc4aa260dafbbcb8d1b4f91cddcace5aa153fbe5f421",
                "sha256:4e5bfcef754de1553b3ac4f91af2c471aa720ee467d4bad49144be25af724fad",
                "sha256:4fb854c110643dab3514e5f54e65090789c56df53fa24f477498b95a3e834a1a",
                "sha256:5381ee79f12625dca1dccc1d305e6b4948d61e68e208747594c39742a4a7145a",
                "sha256:5b294ad2a85be8fe161a33e7baa178b381763242c9fcbd16e4d36ee88485706c",
                "sha256:6430c39fe87f4816ede3311706580fd5fbf7c300ba49086acc5bd1cad400eb38",
                "sha256:654f8beda2036fa3dcf707f3772f838bd5d6f0d5df99980b04492cc37d9dfae1",
                "sha256:6722258b934c12ae153f4789e440825d155a428148f2f9d71821e9a515592cb6",
                "sha256:70fc2b4d4188f459639a8ab6ea618fb6941a66b1c7aabe8be71eb3a2c5b8537a",
                "sha256:7416a8ea27fe4954ce2c38d9e9d8c8678844eace612c58c28d1db3b896c9e52e",
                "sha256:7450398d1212bb668e88e42a5a3c1239b55371d1514c2d9164ecdb89c8b02426",
                "sha256:747326551bf826a305a0b0c57adf36d08b440f00af63de9c36a170212770eea8",
                "sha256:74dce7c8dc863dba44d52effb1290505610564be574924fc92770728bdd38393",
                "sha256:765123dc19b4ea7dfcb8bc50dc836dc516cabc09d4bc7ddb34276c159b76dc55",
                "sha256:7adbe5cbcdc04bd850beba71f51208fff69e03071ee2db556c227f992fc5b7ce",
                "sha256:7c67b1468b527fc43038d1e095a62a9cc0db009d7780cd6092cf9ef427bd8a9c",
                "sha256:7d7f829ee9db104e3b1c751414c62ed124aa7186c2887112722e6eb90a376db4",
                "sha256:7f99599821e685042abc5fc550e8dbe3bfc1b7acb327542c86fe4c08505af311",
                "sha256:842272e3f9813b956761214460c757576d4b7a81623743e70ab1aecd667a4752",
                "sha256:86c3ebc805df4e864fbbb669b868ad72c78f2f2e27d39eb1709267228a36bdcb",
                "sha256:8ad572df76c2a3593cfbef6ae715b4b9bbc2dd0d54d384c2e9ae93d6e5e00489",
                "sha256:8f0fc394191aea88efc0ff0e3cb1fdd4d15c33bce13f075187c3caccc995e964",
                "sha256:91089a7f4dba9c9312b873ea2f47cd0dc868db2a4ae829b720e86a761d6daded",
                "sha256:91b67d4284de11046c5ab20afebba17ea72415e7773089e12c0a3dac390e5e73",
                "sha256:91fb49823df1ef80b615a8f1b6b4bbd40bb523f949333c7e41d75efa6cbe88f9",
                "sha256:93e97f3496fed357072acb00ff7145b930cb060a6aa2ac2589187a647db8211f",
                "sha256:978431179238f2a61046696bbe93aff9f4c9f7c2d054b84b8963c246a837702f",
                "sha256:97b38e1f9c3d6dd921662d327ebbc1ef912faa970f28066784777745a4b9094a",
                "sha256:984e34a17f91970aa72dc0809339d401943c11a4650c16c79eb9bf5fb25b21f2",
                "sha256:9c8e245cc6189b2931dc49b1750f9416420b73fdcf789a5bf8b7df6128285b2c",
                "sha256:9f21143b105dcad70f4ee45bda1ab1d76a97ae520f60fe65f27fbbb8a6f70a27",
                "sha256:a0e76379128ae6d8fba65eaee01a7c02dad258b11bffccdf2c1a74ee84c90d49",
                "sha256:a2bda72687d6fce125ccf373ad760f5f50561219e91664baf51ab36ec0dbcaf2",
                "sha256:a620a8ef94db07b292c1e12b46b8b74f3cdfab9cf6221de94fcd8e35a534b613",
                "sha256:a7875433fa6050d042c31adf3588dbc1718d7d10ee9c7b0e51ed2e5ee0f6e68e",
                "sha256:ac94d26a7cdf3ead932a1352f4112efaa84ec913d1cb6934176428393c6e8b58",
                "sha256:afefc3764eda1dd334008956b25ff3086b4949ad22f693293d8551b61ab74c2d",
                "sha256:b11fc2283c747899eeb66a0354b91423a9d6a35df9372c6330bde6eeed7c852a",
                "sha256:b30c5b9b5405f98ddb1f276a231d3f63456ded4e3a3d88eebab61c23584a5b87",
                "sha256:b85f3156c87f870e3f48765ce46347c67c13fd0fc7e3de993285fd428f99b282",
                "sha256:b9266a850a317b18ff7c3a8364ee18eb63f0db089cb605f67da2e4578f07cfa7",
                "sha256:b9fc8fd1cbf994bdd54a2a48c32ea8cce050a27f0859f0508cf44ffba2def465",
                "sha256:bd8d63b506a4759d6bb92029938ea725a58553f5e7d0cfeb8c94fd25dd30f71b",
                "sha256:c221573ab5a8b642345371f3e6b854c3d293fbad1d7d9be2c7bff2ec8de076b9",
                "sha256:c296857b22568a381cb1cf908928ad8bb18ea19590c1ff3f67a51010a29cebb3",
                "sha256:c5323089868399ad49175126cdfdc1d5c3f8be122faaf7d497b10f23f6cd41ca",
                "sha256:c5830829753b1e62353b1c1971992dc9764f5d88d2a78b6386b5077efa98dab8",
                "sha256:c9d543bbc7b340dcaaee8d4e8e9a934fe75f71f1bfda224e35f7f7f39ad733bf",
                "sha256:caa39238ff71d47cb4ed556e7080829e8c9dae3fc0d2a01c6bb0114a1f313cdb",
                "sha256:cb6f2a65444e01032564f7c5fdcfea43b6506b82f2d5308edd7d1d030bb01a13",
                "sha256:d767fb8db8527d6ed8d3602fb9e8778a32ae0db66b1081541fbb1f804796bd87",
                "sha256:da0c64292f011853046e4ce833e3319d11ab4b0ac1dec5ace1887e1f1630a3e0",
                "sha256:e114069a5189702a3bf2358caa4e349178ec29f2dab711762a48b622e47aa9b9",
                "sha256:e6636349742c73944a3cb05baeb99a2d72371712b35abf7f0b22d9de6b85b8fd",
                "sha256:e6dd7efdfa07ffbc048b3374b79c13aa9fc0aee8eccd0e9a8c6b5f17d8316c08",
                "sha256:e76c87a40d1a5b22ba85ea88c86d2d89311eaa45b4df1afbc121b552c2efede7",
                "sha256:e8f77ee228ce1ea983c273ea1c17130a334d1049abbf28607de36168b65d676d",
                "sha256:e92f84ea190d881bec8852c6b89fa3ca93ce514094a827be2d66c31cec063838",
                "sha256:eb52052aedb35387d2d0bfbdd1e8d491b721143abaeb33a9defae89963cd6d37",
                "sha256:ed12d1780d0235c4ff5a5a2f9fab846498ee90e739def6aa27052895a860e2a5",
                "sha256:ef2b0fdd00c1b0e7c8861912ef78a9ea772186ace7f018c0d6ccddf7c59adf70",
                "sha256:f00ae29d9062c9a490949478bf8880e4dc3551b18b335d4c44dac861ab7a6003",
                "sha256:f4a055c0f47d20c2017e5eb75a388900e2a58beca96e54ecd95647b2c8c97855",
                "sha256:f53fdaa2fa53512e8e0c9a2e9079e2c77f4e5653ac1af86ce73f90577c186f19",
                "sha256:f6924afb342ff9e1264e97835f26a56b542be06a4b5d461fb228c6358a52b24e",
                "sha256:fcc1cc57df8b3527fc083aa707ba5ee6613bb6096014243d2cce4bac17dde142",
                "sha256:fdb4a5b9e719668054cd9d4b210b38ae0eeb056340125704eb3665555e2f6e04"
            ],
            "version": "==0.2.0"
        },
        "python-dateutil": {
            "hashes": [
                "sha256:37dd54208da7e1cd875388217d5e00ebd4179249f90fb72437e91a35459a0ad3",
                "sha256:a8b2bc7bffae282281c8140a97d3aa9c14da0b136dfe83f850eea9a5f7470427"
            ],
            "markers": "python_version >= '2.7' and python_version not in '3.0, 3.1, 3.2, 3.3'",
            "version": "==2.9.0.post0"
        },
        "pytz": {
            "hashes": [
                "sha256:2a29735ea9c18baf14b448846bde5a48030ed267578472d8955cd0e7443a9812",
                "sha256:328171f4e3623139da4983451950b28e95ac706e13f3f2630a879749e7a8b319"
            ],
            "version": "==2024.1"
        },
        "pyxlsb": {
            "hashes": [
                "sha256:8062d1ea8626d3f1980e8b1cfe91a4483747449242ecb61013bc2df85435f685",
                "sha256:87c122a9a622e35ca5e741d2e541201d28af00fb46bec492cfa9586890b120b4"
            ],
            "version": "==1.0.10"
        },
        "regex": {
            "hashes": [
                "sha256:031219782d97550c2098d9a68ce9e9eaefe67d2d81d8ff84c8354f9c009e720c",
                "sha256:0709ba544cf50bd5cb843df4b8bb6701bae2b70a8e88da9add8386cbca5c1385",
                "sha256:0a9f89d7db5ef6bdf53e5cc8e6199a493d0f1374b3171796b464a74ebe8e508a",
                "sha256:0bc94873ba11e34837bffd7e5006703abeffc4514e2f482022f46ce05bd25e67",
                "sha256:0ce56a923f4c01d7568811bfdffe156268c0a7aae8a94c902b92fe34c4bde785",
                "sha256:0faecb6d5779753a6066a3c7a0471a8d29fe25d9981ca9e552d6d1b8f8b6a594",
                "sha256:1118ba9def608250250f4b3e3f48c62f4562ba16ca58ede491b6e7554bfa09ff",
                "sha256:12446827f43c7881decf2c126762e11425de5eb93b3b0d8b581344c16db7047a",
                "sha256:14905ed75c7a6edf423eb46c213ed3f4507c38115f1ed3c00f4ec9eafba50e58",
                "sha256:15e593386ec6331e0ab4ac0795b7593f02ab2f4b30a698beb89fbdc34f92386a",
                "sha256:160ba087232c5c6e2a1e7ad08bd3a3f49b58c815be0504d8c8aacfb064491cd8",
                "sha256:161a206c8f3511e2f5fafc9142a2cc25d7fe9a1ec5ad9b4ad2496a7c33e1c5d2",
                "sha256:169fd0acd7a259f58f417e492e93d0e15fc87592cd1e971c8c533ad5703b5830",
                "sha256:193b7c6834a06f722f0ce1ba685efe80881de7c3de31415513862f601097648c",
                "sha256:1a3903128f9e17a500618e80c68165c78c741ebb17dd1a0b44575f92c3c68b02",
                "sha256:1d5bd666466c8f00a06886ce1397ba8b12371c1f1c6d1bef11013e9e0a1464a8",
                "sha256:224a9269f133564109ce668213ef3cb32bc72ccf040b0b51c72a50e569e9dc9e",
                "sha256:236cace6c1903effd647ed46ce6dd5d76d54985fc36dafc5256032886736c85d",
                "sha256:249fbcee0a277c32a3ce36d8e36d50c27c968fdf969e0fbe342658d4e010fbc8",
                "sha256:29d839829209f3c53f004e1de8c3113efce6d98029f044fa5cfee666253ee7e6",
                "sha256:2c8982ee19ccecabbaeac1ba687bfef085a6352a8c64f821ce2f43e6d76a9298",
                "sha256:2f30a5ab8902f93930dc6f627c4dd5da2703333287081c85cace0fc6e21c25af",
                "sha256:304e7e2418146ae4d0ef0e9ffa28f881f7874b45b4994cc2279b21b6e7ae50c8",
                "sha256:32e5f3b8e32918bfbdd12eca62e49ab3031125c454b507127ad6ecbd86e62fca",
                "sha256:334b79ce9c08f26b4659a53f42892793948a613c46f1b583e985fd5a6bf1c149",
                "sha256:33d19f0cde6838c81acffff25c7708e4adc7dd02896c9ec25c3939b1500a1778",
                "sha256:3799e36d60a35162bb35b2246d8bb012192b7437dff807ef79c14e7352706306",
                "sha256:42be5de7cc8c1edac55db92d82b68dc8e683b204d6f5414c5a51997a323d7081",
                "sha256:44b3267cea873684af022822195298501568ed44d542f9a2d9bebc0212e99069",
                "sha256:458d68d34fb74b906709735c927c029e62f7d06437a98af1b5b6258025223210",
                "sha256:45cc13d398b6359a7708986386f72bd156ae781c3e83a68a6d4cee5af04b1ce9",
                "sha256:4e7eaf9df15423d07b6050fb91f86c66307171b95ea53e2d87a7993b6d02c7f7",
                "sha256:4fad420b14ae1970a1f322e8ae84a1d9d89375eb71e1b504060ab2d1bfe68f3c",
                "sha256:504b5116e2bd1821efd815941edff7535e93372a098e156bb9dffde30264e798",
                "sha256:50e7e96a527488334379e05755b210b7da4a60fc5d6481938c1fa053e0c92184",
                "sha256:51d27844763c273a122e08a3e86e7aefa54ee09fb672d96a645ece0454d8425e",
                "sha256:5253dcb0bfda7214523de58b002eb0090cb530d7c55993ce5f6d17faf953ece7",
                "sha256:534efd2653ebc4f26fc0e47234e53bf0cb4715bb61f98c64d2774a278b58c846",
                "sha256:560278c9975694e1f0bc50da187abf2cdc1e4890739ea33df2bc4a85eeef143e",
                "sha256:571452362d552de508c37191b6abbbb660028b8b418e2d68c20779e0bc8eaaa8",
                "sha256:62b5f7910b639f3c1d122d408421317c351e213ca39c964ad4121f27916631c6",
                "sha256:696639a73ca78a380acfaa0a1f6dd8220616a99074c05bba9ba8bb916914b224",
                "sha256:6ccdeef4584450b6f0bddd5135354908dacad95425fcb629fe36d13e48b60f32",
                "sha256:70364a097437dd0a90b31cd77f09f7387ad9ac60ef57590971f43b7fca3082a5",
                "sha256:7117cb7d6ac7f2e985f3d18aa8a1728864097da1a677ffa69e970ca215baebf1",
                "sha256:7467ad8b0eac0b28e52679e972b9b234b3de0ea5cee12eb50091d2b68145fe36",
                "sha256:7d35d4cc9270944e95f9c88af757b0c9fc43f396917e143a5756608462c5223b",
                "sha256:7dda3091838206969c2b286f9832dff41e2da545b99d1cfaea9ebd8584d02708",
                "sha256:853cc36e756ff673bf984e9044ccc8fad60b95a748915dddeab9488aea974c73",
                "sha256:8722f72068b3e1156a4b2e1afde6810f1fc67155a9fa30a4b9d5b4bc46f18fb0",
                "sha256:8c6c71cf92b09e5faa72ea2c68aa1f61c9ce11cb66fdc5069d712f4392ddfd00",
                "sha256:903350bf44d7e4116b4d5898b30b15755d61dcd3161e3413a49c7db76f0bee5a",
                "sha256:91b53dea84415e8115506cc62e441a2b54537359c63d856d73cb1abe05af4c9a",
                "sha256:951be1eae7b47660412dc4938777a975ebc41936d64e28081bf2e584b47ec246",
                "sha256:972b49f2fe1047b9249c958ec4fa1bdd2cf8ce305dc19d27546d5a38e57732d8",
                "sha256:9a8625849387b9d558d528e263ecc9c0fbde86cfa5c2f0eef43fff480ae24d71",
                "sha256:9cdbb1998da94607d5eec02566b9586f0e70d6438abf1b690261aac0edda7ab6",
                "sha256:9e6d4d6ae1827b2f8c7200aaf7501c37cf3f3896c86a6aaf2566448397c823dd",
                "sha256:aab65121229c2ecdf4a31b793d99a6a0501225bd39b616e653c87b219ed34a49",
                "sha256:ab98016541543692a37905871a5ffca59b16e08aacc3d7d10a27297b443f572d",
                "sha256:ad45f3bccfcb00868f2871dce02a755529838d2b86163ab8a246115e80cfb7d6",
                "sha256:b43b78f9386d3d932a6ce5af4b45f393d2e93693ee18dc4800d30a8909df700e",
                "sha256:b66421f8878a0c82fc0c272a43e2121c8d4c67cb37429b764f0d5ad70b82993b",
                "sha256:ba034c8db4b264ef1601eb33cd23d87c5013b8fb48b8161debe2e5d3bd9156b0",
                "sha256:bbdc5db2c98ac2bf1971ffa1410c87ca7a15800415f788971e8ba8520fc0fda9",
                "sha256:bc0db93ad039fc2fe32ccd3dd0e0e70c4f3d6e37ae83f0a487e1aba939bd2fbd",
                "sha256:bf7c8ee4861d9ef5b1120abb75846828c811f932d63311596ad25fa168053e00",
                "sha256:bf9596cba92ce7b1fd32c7b07c6e3212c7eed0edc271757e48bfcd2b54646452",
                "sha256:c43395a3b7cc9862801a65c6994678484f186ce13c929abab44fb8a9e473a55a",
                "sha256:c46a76a599fcbf95f98755275c5527304cc4f1bb69919434c1e15544d7052910",
                "sha256:ca23b41355ba95929e9505ee04e55495726aa2282003ed9b012d86f857d3e49b",
                "sha256:cd832bd9b6120d6074f39bdfbb3c80e416848b07ac72910f1c7f03131a6debc3",
                "sha256:cfa6d61a76c77610ba9274c1a90a453062bdf6887858afbe214d18ad41cf6bde",
                "sha256:d8a0f0ab5453e409586b11ebe91c672040bc804ca98d03a656825f7890cbdf88",
                "sha256:e91b1976358e17197157b405cab408a5f4e33310cda211c49fc6da7cffd0b2f0",
                "sha256:ea057306ab469130167014b662643cfaed84651c792948891d003cf0039223a5",
                "sha256:eda3dd46df535da787ffb9036b5140f941ecb91701717df91c9daf64cabef953",
                "sha256:f03b1dbd4d9596dd84955bb40f7d885204d6aac0d56a919bb1e0ff2fb7e1735a",
                "sha256:fa9335674d7c819674467c7b46154196c51efbaf5f5715187fd366814ba3fa39"
            ],
            "markers": "python_version >= '3.8'",
            "version": "==2024.5.10"
        },
        "six": {
            "hashes": [
                "sha256:1e61c37477a1626458e36f7b1d82aa5c9b094fa4802892072e49de9c60c4c926",
                "sha256:8abb2f1d86890a2dfb989f9a77cfcfd3e47c2a354b01111771326f8aa26e0254"
            ],
            "markers": "python_version >= '2.7' and python_version not in '3.0, 3.1, 3.2, 3.3'",
            "version": "==1.16.0"
        },
        "sortedcontainers": {
            "hashes": [
                "sha256:25caa5a06cc30b6b83d11423433f65d1f9d76c4c6a0c90e3379eaa43b9bfdb88",
                "sha256:a163dcaede0f1c021485e957a39245190e74249897e2ae4b2aa38595db237ee0"
            ],
            "index": "pypi",
            "version": "==2.4.0"
        },
        "soupsieve": {
            "hashes": [
                "sha256:5663d5a7b3bfaeee0bc4372e7fc48f9cff4940b3eec54a6451cc5299f1097690",
                "sha256:eaa337ff55a1579b6549dc679565eac1e3d000563bcb1c8ab0d0fefbc0c2cdc7"
            ],
            "markers": "python_version >= '3.8'",
            "version": "==2.5"
        },
        "tqdm": {
            "hashes": [
                "sha256:b75ca56b413b030bc3f00af51fd2c1a1a5eac6a0c1cca83cbb37a5c52abce644",
                "sha256:e4d936c9de8727928f3be6079590e97d9abfe8d39a590be678eb5919ffc186bb"
            ],
            "markers": "python_version >= '3.7'",
            "version": "==4.66.4"
        },
        "tzdata": {
            "hashes": [
                "sha256:2674120f8d891909751c38abcdfd386ac0a5a1127954fbc332af6b5ceae07efd",
                "sha256:9068bc196136463f5245e51efda838afa15aaeca9903f49050dfa2679db4d252"
            ],
            "markers": "python_version >= '2'",
            "version": "==2024.1"
        },
        "xlrd": {
            "hashes": [
                "sha256:6a33ee89877bd9abc1158129f6e94be74e2679636b8a205b43b85206c3f0bbdd",
                "sha256:f72f148f54442c6b056bf931dbc34f986fd0c3b0b6b5a58d013c9aef274d0c88"
            ],
            "version": "==2.0.1"
        },
        "xlsxwriter": {
            "hashes": [
                "sha256:9977d0c661a72866a61f9f7a809e25ebbb0fb7036baa3b9fe74afcfca6b3cb8c",
                "sha256:ecfd5405b3e0e228219bcaf24c2ca0915e012ca9464a14048021d21a995d490e"
            ],
            "version": "==3.2.0"
        }
    },
    "develop": {}
}
